# This file is autogenerated, do not edit; changes may be undone by the next 'dep ensure'.


[[projects]]
  name = "github.com/schu/testlib"
  packages = ["."]
  revision = "60591859c3daf100d17b57b4d59c272aff210c37"
  version = "0.1.0-beta.1-2"

[solve-meta]
  analyzer-name = "dep"
  analyzer-version = 1
  inputs-digest = "1d61b4cf68ded07b9a711fc58dd9066dcbc098e608b27c106853a81edbd73602"
  solver-name = "gps-cdcl"
  solver-version = 1
